
Microsoft Visual Studio Solution File, Format Version 12.00
# Visual Studio Version 17
VisualStudioVersion = 17.2.32630.192
MinimumVisualStudioVersion = 10.0.40219.1
Project("{9A19103F-16F7-4668-BE54-9A1E7A4F7556}") = "Base", "AdventOfCode2022\Base\Base.csproj", "{5094BBD3-6EA4-46AF-B865-E53E1D38252A}"
EndProject
Project("{9A19103F-16F7-4668-BE54-9A1E7A4F7556}") = "Day1", "AdventOfCode2022\Day1\Day1.csproj", "{A4C92EB3-ACE6-4138-B304-70EBF23441F4}"
	ProjectSection(ProjectDependencies) = postProject
		{5094BBD3-6EA4-46AF-B865-E53E1D38252A} = {5094BBD3-6EA4-46AF-B865-E53E1D38252A}
	EndProjectSection
EndProject
Project("{FAE04EC0-301F-11D3-BF4B-00C04F79EFBC}") = "Day2", "AdventOfCode2022\Day2\Day2.csproj", "{910ED02E-C6EF-43DE-BB8E-36093B250561}"
EndProject
Project("{FAE04EC0-301F-11D3-BF4B-00C04F79EFBC}") = "Day3", "AdventOfCode2022\Day3\Day3.csproj", "{52AA514B-125F-4F33-BE7B-055726EA7D6A}"
EndProject
Project("{FAE04EC0-301F-11D3-BF4B-00C04F79EFBC}") = "AdventOfCode2022", "AdventOfCode2022\AdventOfCode2022\AdventOfCode2022.csproj", "{18334D70-7A1F-41A4-B6BE-95BF091C3A19}"
EndProject
Project("{FAE04EC0-301F-11D3-BF4B-00C04F79EFBC}") = "Day4", "AdventOfCode2022\Day4\Day4.csproj", "{16227965-52E8-4105-8171-8B0043091857}"
EndProject
Global
	GlobalSection(SolutionConfigurationPlatforms) = preSolution
		Debug|Any CPU = Debug|Any CPU
		Release|Any CPU = Release|Any CPU
	EndGlobalSection
	GlobalSection(ProjectConfigurationPlatforms) = postSolution
		{5094BBD3-6EA4-46AF-B865-E53E1D38252A}.Debug|Any CPU.ActiveCfg = Debug|Any CPU
		{5094BBD3-6EA4-46AF-B865-E53E1D38252A}.Debug|Any CPU.Build.0 = Debug|Any CPU
		{5094BBD3-6EA4-46AF-B865-E53E1D38252A}.Release|Any CPU.ActiveCfg = Release|Any CPU
		{5094BBD3-6EA4-46AF-B865-E53E1D38252A}.Release|Any CPU.Build.0 = Release|Any CPU
		{A4C92EB3-ACE6-4138-B304-70EBF23441F4}.Debug|Any CPU.ActiveCfg = Debug|Any CPU
		{A4C92EB3-ACE6-4138-B304-70EBF23441F4}.Debug|Any CPU.Build.0 = Debug|Any CPU
		{A4C92EB3-ACE6-4138-B304-70EBF23441F4}.Release|Any CPU.ActiveCfg = Release|Any CPU
		{A4C92EB3-ACE6-4138-B304-70EBF23441F4}.Release|Any CPU.Build.0 = Release|Any CPU
		{910ED02E-C6EF-43DE-BB8E-36093B250561}.Debug|Any CPU.ActiveCfg = Debug|Any CPU
		{910ED02E-C6EF-43DE-BB8E-36093B250561}.Debug|Any CPU.Build.0 = Debug|Any CPU
		{910ED02E-C6EF-43DE-BB8E-36093B250561}.Release|Any CPU.ActiveCfg = Release|Any CPU
		{910ED02E-C6EF-43DE-BB8E-36093B250561}.Release|Any CPU.Build.0 = Release|Any CPU
		{52AA514B-125F-4F33-BE7B-055726EA7D6A}.Debug|Any CPU.ActiveCfg = Debug|Any CPU
		{52AA514B-125F-4F33-BE7B-055726EA7D6A}.Debug|Any CPU.Build.0 = Debug|Any CPU
		{52AA514B-125F-4F33-BE7B-055726EA7D6A}.Release|Any CPU.ActiveCfg = Release|Any CPU
		{52AA514B-125F-4F33-BE7B-055726EA7D6A}.Release|Any CPU.Build.0 = Release|Any CPU
		{18334D70-7A1F-41A4-B6BE-95BF091C3A19}.Debug|Any CPU.ActiveCfg = Debug|Any CPU
		{18334D70-7A1F-41A4-B6BE-95BF091C3A19}.Debug|Any CPU.Build.0 = Debug|Any CPU
		{18334D70-7A1F-41A4-B6BE-95BF091C3A19}.Release|Any CPU.ActiveCfg = Release|Any CPU
		{18334D70-7A1F-41A4-B6BE-95BF091C3A19}.Release|Any CPU.Build.0 = Release|Any CPU
		{16227965-52E8-4105-8171-8B0043091857}.Debug|Any CPU.ActiveCfg = Debug|Any CPU
		{16227965-52E8-4105-8171-8B0043091857}.Debug|Any CPU.Build.0 = Debug|Any CPU
		{16227965-52E8-4105-8171-8B0043091857}.Release|Any CPU.ActiveCfg = Release|Any CPU
		{16227965-52E8-4105-8171-8B0043091857}.Release|Any CPU.Build.0 = Release|Any CPU
	EndGlobalSection
	GlobalSection(SolutionProperties) = preSolution
		HideSolutionNode = FALSE
	EndGlobalSection
	GlobalSection(ExtensibilityGlobals) = postSolution
		SolutionGuid = {349A9D96-DCB4-4AAA-8FE1-9B7105834833}
	EndGlobalSection
EndGlobal
